
Microsoft Visual Studio Solution File, Format Version 12.00
# Visual Studio Version 17
VisualStudioVersion = 17.14.36301.6 d17.14
MinimumVisualStudioVersion = 10.0.40219.1
Project("{FAE04EC0-301F-11D3-BF4B-00C04F79EFBC}") = "AutoPurchaseWitchHat", "AutoPurchaseWitchHat.csproj", "{84826485-C3CB-4EB7-82DE-5FE6FB657B86}"
EndProject
Global
	GlobalSection(SolutionConfigurationPlatforms) = preSolution
		Debug|Any CPU = Debug|Any CPU
		Release|Any CPU = Release|Any CPU
	EndGlobalSection
	GlobalSection(ProjectConfigurationPlatforms) = postSolution
		{84826485-C3CB-4EB7-82DE-5FE6FB657B86}.Debug|Any CPU.ActiveCfg = Debug|Any CPU
		{84826485-C3CB-4EB7-82DE-5FE6FB657B86}.Debug|Any CPU.Build.0 = Debug|Any CPU
		{84826485-C3CB-4EB7-82DE-5FE6FB657B86}.Release|Any CPU.ActiveCfg = Release|Any CPU
		{84826485-C3CB-4EB7-82DE-5FE6FB657B86}.Release|Any CPU.Build.0 = Release|Any CPU
	EndGlobalSection
	GlobalSection(SolutionProperties) = preSolution
		HideSolutionNode = FALSE
	EndGlobalSection
	GlobalSection(ExtensibilityGlobals) = postSolution
		SolutionGuid = {7D2F5587-4CBE-4884-B1E6-CFF4B3EF198D}
	EndGlobalSection
EndGlobal
